
Microsoft Visual Studio Solution File, Format Version 12.00
# Visual Studio Version 17
VisualStudioVersion = 17.9.34714.143
MinimumVisualStudioVersion = 10.0.40219.1
Project("{FAE04EC0-301F-11D3-BF4B-00C04F79EFBC}") = "Farmacie", "Farmacie.csproj", "{D29847EA-9897-4C73-A808-005E4A59B2E7}"
EndProject
Global
	GlobalSection(SolutionConfigurationPlatforms) = preSolution
		Debug|Any CPU = Debug|Any CPU
		Release|Any CPU = Release|Any CPU
	EndGlobalSection
	GlobalSection(ProjectConfigurationPlatforms) = postSolution
		{D29847EA-9897-4C73-A808-005E4A59B2E7}.Debug|Any CPU.ActiveCfg = Debug|Any CPU
		{D29847EA-9897-4C73-A808-005E4A59B2E7}.Debug|Any CPU.Build.0 = Debug|Any CPU
		{D29847EA-9897-4C73-A808-005E4A59B2E7}.Release|Any CPU.ActiveCfg = Release|Any CPU
		{D29847EA-9897-4C73-A808-005E4A59B2E7}.Release|Any CPU.Build.0 = Release|Any CPU
	EndGlobalSection
	GlobalSection(SolutionProperties) = preSolution
		HideSolutionNode = FALSE
	EndGlobalSection
	GlobalSection(ExtensibilityGlobals) = postSolution
		SolutionGuid = {42B8F413-DAB0-49FA-8976-C6FCF6AD8C16}
	EndGlobalSection
EndGlobal
